{
  "nodes": {
    "flake-compat": {
      "locked": {
        "lastModified": 1696426674,
        "narHash": "sha256-kvjfFW7WAETZlt09AgDn1MrtKzP7t90Vf7vypd3OL1U=",
        "rev": "0f9255e01c2351cc7d116c072cb317785dd33b33",
        "revCount": 57,
        "type": "tarball",
        "url": "https://api.flakehub.com/f/pinned/edolstra/flake-compat/1.0.1/018afb31-abd1-7bff-a5e4-cff7e18efb7a/source.tar.gz"
      },
      "original": {
        "type": "tarball",
        "url": "https://flakehub.com/f/edolstra/flake-compat/1.tar.gz"
      }
    },
    "flake-parts": {
      "inputs": {
        "nixpkgs-lib": "nixpkgs-lib"
      },
      "locked": {
        "lastModified": 1730504689,
        "narHash": "sha256-hgmguH29K2fvs9szpq2r3pz2/8cJd2LPS+b4tfNFCwE=",
        "owner": "hercules-ci",
        "repo": "flake-parts",
        "rev": "506278e768c2a08bec68eb62932193e341f55c90",
        "type": "github"
      },
      "original": {
        "owner": "hercules-ci",
        "repo": "flake-parts",
        "type": "github"
      }
    },
    "flake-utils": {
      "inputs": {
        "systems": "systems_2"
      },
      "locked": {
        "lastModified": 1710146030,
        "narHash": "sha256-SZ5L6eA7HJ/nmkzGG7/ISclqe6oZdOZTNoesiInkXPQ=",
        "owner": "numtide",
        "repo": "flake-utils",
        "rev": "b1d9ab70662946ef0850d488da1c9019f3a9752a",
        "type": "github"
      },
      "original": {
        "owner": "numtide",
        "repo": "flake-utils",
        "type": "github"
      }
    },
    "home-manager": {
      "inputs": {
        "nixpkgs": [
          "nixpkgs"
        ]
      },
      "locked": {
        "lastModified": 1726989464,
        "narHash": "sha256-Vl+WVTJwutXkimwGprnEtXc/s/s8sMuXzqXaspIGlwM=",
        "owner": "nix-community",
        "repo": "home-manager",
        "rev": "2f23fa308a7c067e52dfcc30a0758f47043ec176",
        "type": "github"
      },
      "original": {
        "owner": "nix-community",
        "ref": "release-24.05",
        "repo": "home-manager",
        "type": "github"
      }
    },
    "nix-citizen": {
      "inputs": {
        "nix-gaming": [
          "nix-gaming"
        ],
        "nix-github-actions": "nix-github-actions",
        "nixpkgs": [
          "nixpkgs-unstable"
        ],
        "nixpkgs-wine": "nixpkgs-wine",
        "systems": "systems",
        "treefmt-nix": "treefmt-nix"
      },
      "locked": {
        "lastModified": 1730912351,
        "narHash": "sha256-MHYFzhgb9PsEDzZmFJIqfe8rUMEWhDm5hY1hMfyOmaI=",
        "owner": "LovingMelody",
        "repo": "nix-citizen",
        "rev": "b19a0f8d66ba6a95bd99155c2fd607e23d1e2346",
        "type": "github"
      },
      "original": {
        "owner": "LovingMelody",
        "repo": "nix-citizen",
        "type": "github"
      }
    },
    "nix-gaming": {
      "inputs": {
        "flake-parts": "flake-parts",
        "nixpkgs": [
          "nixpkgs-unstable"
        ],
        "umu": "umu"
      },
      "locked": {
        "lastModified": 1730186798,
        "narHash": "sha256-rGrhFuH3d869rG1cmfuuuPksKyCJUfkBTenQbtnlsr8=",
        "owner": "fufexan",
        "repo": "nix-gaming",
        "rev": "8756862665662edad5bbb098d0cba727cde57fec",
        "type": "github"
      },
      "original": {
        "owner": "fufexan",
        "repo": "nix-gaming",
        "rev": "8756862665662edad5bbb098d0cba727cde57fec",
        "type": "github"
      }
    },
    "nix-github-actions": {
      "inputs": {
        "nixpkgs": [
          "nix-citizen",
          "nixpkgs"
        ]
      },
      "locked": {
        "lastModified": 1729742964,
        "narHash": "sha256-B4mzTcQ0FZHdpeWcpDYPERtyjJd/NIuaQ9+BV1h+MpA=",
        "owner": "nix-community",
        "repo": "nix-github-actions",
        "rev": "e04df33f62cdcf93d73e9a04142464753a16db67",
        "type": "github"
      },
      "original": {
        "owner": "nix-community",
        "repo": "nix-github-actions",
        "type": "github"
      }
    },
    "nixpkgs": {
      "locked": {
        "lastModified": 1730741070,
        "narHash": "sha256-edm8WG19kWozJ/GqyYx2VjW99EdhjKwbY3ZwdlPAAlo=",
        "owner": "NixOS",
        "repo": "nixpkgs",
        "rev": "d063c1dd113c91ab27959ba540c0d9753409edf3",
        "type": "github"
      },
      "original": {
        "owner": "NixOS",
        "ref": "nixos-24.05",
        "repo": "nixpkgs",
        "type": "github"
      }
    },
    "nixpkgs-lib": {
      "locked": {
        "lastModified": 1730504152,
        "narHash": "sha256-lXvH/vOfb4aGYyvFmZK/HlsNsr/0CVWlwYvo2rxJk3s=",
        "type": "tarball",
        "url": "https://github.com/NixOS/nixpkgs/archive/cc2f28000298e1269cea6612cd06ec9979dd5d7f.tar.gz"
      },
      "original": {
        "type": "tarball",
        "url": "https://github.com/NixOS/nixpkgs/archive/cc2f28000298e1269cea6612cd06ec9979dd5d7f.tar.gz"
      }
    },
    "nixpkgs-unstable": {
      "locked": {
        "lastModified": 1730785428,
        "narHash": "sha256-Zwl8YgTVJTEum+L+0zVAWvXAGbWAuXHax3KzuejaDyo=",
        "owner": "NixOS",
        "repo": "nixpkgs",
        "rev": "4aa36568d413aca0ea84a1684d2d46f55dbabad7",
        "type": "github"
      },
      "original": {
        "owner": "NixOS",
        "ref": "nixos-unstable",
        "repo": "nixpkgs",
        "type": "github"
      }
    },
    "nixpkgs-wine": {
      "locked": {
        "lastModified": 1729519156,
        "narHash": "sha256-/T/nMj4oOfiyhiBol4Bzh2EYdJunNo8zXzBoR8vVChY=",
        "owner": "NixOS",
        "repo": "nixpkgs",
        "rev": "03ddbd42cbdfbca5ce5583a8c1b526f36c0d46f3",
        "type": "github"
      },
      "original": {
        "owner": "NixOS",
        "repo": "nixpkgs",
        "rev": "03ddbd42cbdfbca5ce5583a8c1b526f36c0d46f3",
        "type": "github"
      }
    },
    "nur": {
      "locked": {
        "lastModified": 1730923063,
        "narHash": "sha256-QSy8CAkCkDImoLEyICxXtPW9N4rSC9QXcPE83OLXc1c=",
        "owner": "nix-community",
        "repo": "NUR",
        "rev": "51420b39807738ce2e8c43f034c35cd6bc920076",
        "type": "github"
      },
      "original": {
        "owner": "nix-community",
        "repo": "NUR",
        "type": "github"
      }
    },
    "root": {
      "inputs": {
        "home-manager": "home-manager",
        "nix-citizen": "nix-citizen",
        "nix-gaming": "nix-gaming",
        "nixpkgs": "nixpkgs",
        "nixpkgs-unstable": "nixpkgs-unstable",
        "nur": "nur",
        "rust-overlay": "rust-overlay",
        "winapps": "winapps",
        "zen-browser": "zen-browser"
      }
    },
    "rust-overlay": {
      "inputs": {
        "nixpkgs": [
          "nixpkgs"
        ]
      },
      "locked": {
        "lastModified": 1730860036,
        "narHash": "sha256-u0sfA4B65Q9cRO3xpIkQ4nldB8isfdIb3rWtsnRZ+Iw=",
        "owner": "oxalica",
        "repo": "rust-overlay",
        "rev": "b8eb3aeb21629cbe14968a5e3b1cbaefb0d1b260",
        "type": "github"
      },
      "original": {
        "owner": "oxalica",
        "repo": "rust-overlay",
        "type": "github"
      }
    },
    "systems": {
      "locked": {
        "lastModified": 1681028828,
        "narHash": "sha256-Vy1rq5AaRuLzOxct8nz4T6wlgyUR7zLU309k9mBC768=",
        "owner": "nix-systems",
        "repo": "default",
        "rev": "da67096a3b9bf56a91d16901293e51ba5b49a27e",
        "type": "github"
      },
      "original": {
        "owner": "nix-systems",
        "repo": "default",
        "type": "github"
      }
    },
    "systems_2": {
      "locked": {
        "lastModified": 1681028828,
        "narHash": "sha256-Vy1rq5AaRuLzOxct8nz4T6wlgyUR7zLU309k9mBC768=",
        "owner": "nix-systems",
        "repo": "default",
        "rev": "da67096a3b9bf56a91d16901293e51ba5b49a27e",
        "type": "github"
      },
      "original": {
        "owner": "nix-systems",
        "repo": "default",
        "type": "github"
      }
    },
    "treefmt-nix": {
      "inputs": {
        "nixpkgs": [
          "nix-citizen",
          "nixpkgs"
        ]
      },
      "locked": {
        "lastModified": 1730321837,
        "narHash": "sha256-vK+a09qq19QNu2MlLcvN4qcRctJbqWkX7ahgPZ/+maI=",
        "owner": "numtide",
        "repo": "treefmt-nix",
        "rev": "746901bb8dba96d154b66492a29f5db0693dbfcc",
        "type": "github"
      },
      "original": {
        "owner": "numtide",
        "repo": "treefmt-nix",
        "type": "github"
      }
    },
    "umu": {
      "inputs": {
        "nixpkgs": [
          "nix-gaming",
          "nixpkgs"
        ]
      },
      "locked": {
        "dir": "packaging/nix",
        "lastModified": 1730559589,
        "narHash": "sha256-o4NT2Kt7yEA63j38Ic5mrh2U/iQjs3YSNvIbCccIYP0=",
        "ref": "refs/heads/main",
        "rev": "70645c290dfc6ed10282bf4d2ae38c0bf7b1a3fb",
        "revCount": 830,
        "submodules": true,
        "type": "git",
        "url": "https://github.com/Open-Wine-Components/umu-launcher/?dir=packaging/nix"
      },
      "original": {
        "dir": "packaging/nix",
        "submodules": true,
        "type": "git",
        "url": "https://github.com/Open-Wine-Components/umu-launcher/?dir=packaging/nix"
      }
    },
    "winapps": {
      "inputs": {
        "flake-compat": "flake-compat",
        "flake-utils": "flake-utils",
        "nixpkgs": [
          "nixpkgs"
        ]
      },
      "locked": {
        "lastModified": 1730737894,
        "narHash": "sha256-pRmA9eYBNjZsxXLlq1aPoIviFrMTQcbBGcJMRJmOiOQ=",
        "owner": "winapps-org",
        "repo": "winapps",
        "rev": "5fb2c7b0fd516a957948b019ab6ae971cf2f5bf0",
        "type": "github"
      },
      "original": {
        "owner": "winapps-org",
        "repo": "winapps",
        "type": "github"
      }
    },
    "zen-browser": {
      "inputs": {
        "nixpkgs": [
          "nixpkgs"
        ]
      },
      "locked": {
        "lastModified": 1730444716,
        "narHash": "sha256-WtqSpYQyG5ad+GK7B0ViDSl0NolHp7yM24TacUslBXE=",
        "owner": "ch4og",
        "repo": "zen-browser-flake",
        "rev": "d3c639ee7bff20f799f443e18fffa6331a71cd3a",
        "type": "github"
      },
      "original": {
        "owner": "ch4og",
        "repo": "zen-browser-flake",
        "type": "github"
      }
    }
  },
  "root": "root",
  "version": 7
}
